Microsoft Visual Studio Solution File, Format Version 8.00
Project("{F184B08F-C81C-45F6-A57F-5ABD9991F28F}") = "Payroll", "Payroll.vbproj", "{5CDF5FB7-4CC2-4C72-8C0E-68C26F6F4F0A}"
	ProjectSection(ProjectDependencies) = postProject
	EndProjectSection
EndProject
Global
	GlobalSection(SolutionConfiguration) = preSolution
		Debug = Debug
		Release = Release
	EndGlobalSection
	GlobalSection(ProjectConfiguration) = postSolution
		{5CDF5FB7-4CC2-4C72-8C0E-68C26F6F4F0A}.Debug.ActiveCfg = Debug|.NET
		{5CDF5FB7-4CC2-4C72-8C0E-68C26F6F4F0A}.Debug.Build.0 = Debug|.NET
		{5CDF5FB7-4CC2-4C72-8C0E-68C26F6F4F0A}.Release.ActiveCfg = Release|.NET
		{5CDF5FB7-4CC2-4C72-8C0E-68C26F6F4F0A}.Release.Build.0 = Release|.NET
	EndGlobalSection
	GlobalSection(ExtensibilityGlobals) = postSolution
	EndGlobalSection
	GlobalSection(ExtensibilityAddIns) = postSolution
	EndGlobalSection
EndGlobal
