Microsoft Visual Studio Solution File, Format Version 7.00
Project("{F184B08F-C81C-45F6-A57F-5ABD9991F28F}") = "TUT01", "TUT01.vbproj", "{7BBD9B66-B86E-4AC9-BB9D-FAB77B0034E1}"
EndProject
Global
	GlobalSection(SolutionConfiguration) = preSolution
		ConfigName.0 = Debug
		ConfigName.1 = Release
	EndGlobalSection
	GlobalSection(ProjectDependencies) = postSolution
	EndGlobalSection
	GlobalSection(ProjectConfiguration) = postSolution
		{7BBD9B66-B86E-4AC9-BB9D-FAB77B0034E1}.Debug.ActiveCfg = Debug|.NET
		{7BBD9B66-B86E-4AC9-BB9D-FAB77B0034E1}.Debug.Build.0 = Debug|.NET
		{7BBD9B66-B86E-4AC9-BB9D-FAB77B0034E1}.Release.ActiveCfg = Release|.NET
		{7BBD9B66-B86E-4AC9-BB9D-FAB77B0034E1}.Release.Build.0 = Release|.NET
	EndGlobalSection
	GlobalSection(ExtensibilityGlobals) = postSolution
	EndGlobalSection
	GlobalSection(ExtensibilityAddIns) = postSolution
	EndGlobalSection
EndGlobal
