Microsoft Visual Studio Solution File, Format Version 8.00
Project("{F184B08F-C81C-45F6-A57F-5ABD9991F28F}") = "My Timed Password", "My Timed Password.vbproj", "{C48DFE7C-D09E-447A-9F86-FB5FA48FE2BE}"
	ProjectSection(ProjectDependencies) = postProject
	EndProjectSection
EndProject
Global
	GlobalSection(SolutionConfiguration) = preSolution
		Debug = Debug
		Release = Release
	EndGlobalSection
	GlobalSection(ProjectConfiguration) = postSolution
		{C48DFE7C-D09E-447A-9F86-FB5FA48FE2BE}.Debug.ActiveCfg = Debug|.NET
		{C48DFE7C-D09E-447A-9F86-FB5FA48FE2BE}.Debug.Build.0 = Debug|.NET
		{C48DFE7C-D09E-447A-9F86-FB5FA48FE2BE}.Release.ActiveCfg = Release|.NET
		{C48DFE7C-D09E-447A-9F86-FB5FA48FE2BE}.Release.Build.0 = Release|.NET
	EndGlobalSection
	GlobalSection(ExtensibilityGlobals) = postSolution
	EndGlobalSection
	GlobalSection(ExtensibilityAddIns) = postSolution
	EndGlobalSection
EndGlobal
